
Microsoft Visual Studio Solution File, Format Version 12.00
# Visual Studio Version 16
VisualStudioVersion = 16.0.30204.135
MinimumVisualStudioVersion = 10.0.40219.1
Project("{FAE04EC0-301F-11D3-BF4B-00C04F79EFBC}") = "Gra_przegladarkowa", "Gra_przegladarkowa.csproj", "{BB1A56DC-5234-469E-B6B0-EEACCA3A5353}"
EndProject
Global
	GlobalSection(SolutionConfigurationPlatforms) = preSolution
		Debug|Any CPU = Debug|Any CPU
		Release|Any CPU = Release|Any CPU
	EndGlobalSection
	GlobalSection(ProjectConfigurationPlatforms) = postSolution
		{BB1A56DC-5234-469E-B6B0-EEACCA3A5353}.Debug|Any CPU.ActiveCfg = Debug|Any CPU
		{BB1A56DC-5234-469E-B6B0-EEACCA3A5353}.Debug|Any CPU.Build.0 = Debug|Any CPU
		{BB1A56DC-5234-469E-B6B0-EEACCA3A5353}.Release|Any CPU.ActiveCfg = Release|Any CPU
		{BB1A56DC-5234-469E-B6B0-EEACCA3A5353}.Release|Any CPU.Build.0 = Release|Any CPU
	EndGlobalSection
	GlobalSection(SolutionProperties) = preSolution
		HideSolutionNode = FALSE
	EndGlobalSection
	GlobalSection(ExtensibilityGlobals) = postSolution
		SolutionGuid = {5531A4BF-1E16-4F40-9067-F3C8D1E7E949}
	EndGlobalSection
EndGlobal
